
Microsoft Visual Studio Solution File, Format Version 12.00
# Visual Studio Version 16
VisualStudioVersion = 16.0.32630.194
MinimumVisualStudioVersion = 10.0.40219.1
Project("{FAE04EC0-301F-11D3-BF4B-00C04F79EFBC}") = "Business", "Business\Business.csproj", "{289DEECA-DE73-46C7-9296-8E76F16CC5F3}"
EndProject
Project("{FAE04EC0-301F-11D3-BF4B-00C04F79EFBC}") = "Entities", "Entity\Entities.csproj", "{7306C1F9-4787-4974-87CE-28DFD1A104E7}"
EndProject
Project("{FAE04EC0-301F-11D3-BF4B-00C04F79EFBC}") = "DataAccess", "DataAccess\DataAccess.csproj", "{EE8C37D2-5935-4313-91CD-04AF14DB664F}"
EndProject
Project("{FAE04EC0-301F-11D3-BF4B-00C04F79EFBC}") = "TestController", "TestController\TestController.csproj", "{C416778F-F0A8-4310-8E29-FABF5F4E6422}"
EndProject
Global
	GlobalSection(SolutionConfigurationPlatforms) = preSolution
		Debug|Any CPU = Debug|Any CPU
		Release|Any CPU = Release|Any CPU
	EndGlobalSection
	GlobalSection(ProjectConfigurationPlatforms) = postSolution
		{289DEECA-DE73-46C7-9296-8E76F16CC5F3}.Debug|Any CPU.ActiveCfg = Debug|Any CPU
		{289DEECA-DE73-46C7-9296-8E76F16CC5F3}.Debug|Any CPU.Build.0 = Debug|Any CPU
		{289DEECA-DE73-46C7-9296-8E76F16CC5F3}.Release|Any CPU.ActiveCfg = Release|Any CPU
		{289DEECA-DE73-46C7-9296-8E76F16CC5F3}.Release|Any CPU.Build.0 = Release|Any CPU
		{7306C1F9-4787-4974-87CE-28DFD1A104E7}.Debug|Any CPU.ActiveCfg = Debug|Any CPU
		{7306C1F9-4787-4974-87CE-28DFD1A104E7}.Debug|Any CPU.Build.0 = Debug|Any CPU
		{7306C1F9-4787-4974-87CE-28DFD1A104E7}.Release|Any CPU.ActiveCfg = Release|Any CPU
		{7306C1F9-4787-4974-87CE-28DFD1A104E7}.Release|Any CPU.Build.0 = Release|Any CPU
		{EE8C37D2-5935-4313-91CD-04AF14DB664F}.Debug|Any CPU.ActiveCfg = Debug|Any CPU
		{EE8C37D2-5935-4313-91CD-04AF14DB664F}.Debug|Any CPU.Build.0 = Debug|Any CPU
		{EE8C37D2-5935-4313-91CD-04AF14DB664F}.Release|Any CPU.ActiveCfg = Release|Any CPU
		{EE8C37D2-5935-4313-91CD-04AF14DB664F}.Release|Any CPU.Build.0 = Release|Any CPU
		{C416778F-F0A8-4310-8E29-FABF5F4E6422}.Debug|Any CPU.ActiveCfg = Debug|Any CPU
		{C416778F-F0A8-4310-8E29-FABF5F4E6422}.Debug|Any CPU.Build.0 = Debug|Any CPU
		{C416778F-F0A8-4310-8E29-FABF5F4E6422}.Release|Any CPU.ActiveCfg = Release|Any CPU
		{C416778F-F0A8-4310-8E29-FABF5F4E6422}.Release|Any CPU.Build.0 = Release|Any CPU
	EndGlobalSection
	GlobalSection(SolutionProperties) = preSolution
		HideSolutionNode = FALSE
	EndGlobalSection
	GlobalSection(ExtensibilityGlobals) = postSolution
		SolutionGuid = {40A05036-CCFC-4C1D-B448-299554F117F2}
	EndGlobalSection
EndGlobal
